
Microsoft Visual Studio Solution File, Format Version 12.00
# Visual Studio 15
VisualStudioVersion = 15.0.28010.2016
MinimumVisualStudioVersion = 10.0.40219.1
Project("{FAE04EC0-301F-11D3-BF4B-00C04F79EFBC}") = "ConsoleApp1", "ConsoleApp1\ConsoleApp1.csproj", "{2814DF0B-4911-41E6-BCE3-DB419BEBBDFE}"
EndProject
Global
	GlobalSection(SolutionConfigurationPlatforms) = preSolution
		Debug|Any CPU = Debug|Any CPU
		Release|Any CPU = Release|Any CPU
	EndGlobalSection
	GlobalSection(ProjectConfigurationPlatforms) = postSolution
		{2814DF0B-4911-41E6-BCE3-DB419BEBBDFE}.Debug|Any CPU.ActiveCfg = Debug|Any CPU
		{2814DF0B-4911-41E6-BCE3-DB419BEBBDFE}.Debug|Any CPU.Build.0 = Debug|Any CPU
		{2814DF0B-4911-41E6-BCE3-DB419BEBBDFE}.Release|Any CPU.ActiveCfg = Release|Any CPU
		{2814DF0B-4911-41E6-BCE3-DB419BEBBDFE}.Release|Any CPU.Build.0 = Release|Any CPU
	EndGlobalSection
	GlobalSection(SolutionProperties) = preSolution
		HideSolutionNode = FALSE
	EndGlobalSection
	GlobalSection(ExtensibilityGlobals) = postSolution
		SolutionGuid = {A18BD668-C7D1-402C-9A2B-1A4CE8115A27}
	EndGlobalSection
EndGlobal
